// !$*UTF8*$!
{
	archiveVersion = 1;
	classes = {
	};
	objectVersion = 46;
	objects = {

/* Begin PBXGroup section */
		8D4474881F2F2E9500DA9CEF = {
			isa = PBXGroup;
			children = (
			);
			sourceTree = "<group>";
		};
/* End PBXGroup section */

/* Begin PBXProject section */
		8D4474891F2F2E9500DA9CEF /* Project object */ = {
			isa = PBXProject;
			attributes = {
				LastUpgradeCheck = 0830;
			};
			buildConfigurationList = 8D44748C1F2F2E9500DA9CEF /* Build configuration list for PBXProject "Redstone" */;
			compatibilityVersion = "Xcode 3.2";
			developmentRegion = English;
			hasScannedForEncodings = 0;
			knownRegions = (
				en,
			);
			mainGroup = 8D4474881F2F2E9500DA9CEF;
			projectDirPath = "";
			projectRoot = "";
			targets = (
			);
		};
/* End PBXProject section */

/* Begin XCBuildConfiguration section */
		8D44748D1F2F2E9500DA9CEF /* Debug */ = {
			isa = XCBuildConfiguration;
			buildSettings = {
			};
			name = Debug;
		};
		8D44748E1F2F2E9500DA9CEF /* Release */ = {
			isa = XCBuildConfiguration;
			buildSettings = {
			};
			name = Release;
		};
/* End XCBuildConfiguration section */

/* Begin XCConfigurationList section */
		8D44748C1F2F2E9500DA9CEF /* Build configuration list for PBXProject "Redstone" */ = {
			isa = XCConfigurationList;
			buildConfigurations = (
				8D44748D1F2F2E9500DA9CEF /* Debug */,
				8D44748E1F2F2E9500DA9CEF /* Release */,
			);
			defaultConfigurationIsVisible = 0;
			defaultConfigurationName = Release;
		};
/* End XCConfigurationList section */
	};
	rootObject = 8D4474891F2F2E9500DA9CEF /* Project object */;
}
